{
  "name": "reactnicemodalbox",
  "version": "1.0.0",
  "lockfileVersion": 1,
  "requires": true,
  "dependencies": {
    "reactstickyjs": {
      "version": "1.0.1",
      "resolved": "https://registry.npmjs.org/reactstickyjs/-/reactstickyjs-1.0.1.tgz",
      "integrity": "sha512-RLUq/lmgJ3kRc27XZ84vMqdFr24btRFut/eQU5v/6llvEj/FAs8XCSeaEJDvuv+V7rBoXIAirwAaOR46wpnSWQ=="
    }
  }
}
